
Microsoft Visual Studio Solution File, Format Version 12.00
# Visual Studio Version 17
VisualStudioVersion = 17.4.33103.184
MinimumVisualStudioVersion = 10.0.40219.1
Project("{FAE04EC0-301F-11D3-BF4B-00C04F79EFBC}") = "Zadacha", "Zadacha\Zadacha.csproj", "{0D72D2EB-2368-474C-8C69-3572A3BE4779}"
EndProject
Global
	GlobalSection(SolutionConfigurationPlatforms) = preSolution
		Debug|Any CPU = Debug|Any CPU
		Release|Any CPU = Release|Any CPU
	EndGlobalSection
	GlobalSection(ProjectConfigurationPlatforms) = postSolution
		{0D72D2EB-2368-474C-8C69-3572A3BE4779}.Debug|Any CPU.ActiveCfg = Debug|Any CPU
		{0D72D2EB-2368-474C-8C69-3572A3BE4779}.Debug|Any CPU.Build.0 = Debug|Any CPU
		{0D72D2EB-2368-474C-8C69-3572A3BE4779}.Release|Any CPU.ActiveCfg = Release|Any CPU
		{0D72D2EB-2368-474C-8C69-3572A3BE4779}.Release|Any CPU.Build.0 = Release|Any CPU
	EndGlobalSection
	GlobalSection(SolutionProperties) = preSolution
		HideSolutionNode = FALSE
	EndGlobalSection
	GlobalSection(ExtensibilityGlobals) = postSolution
		SolutionGuid = {325129C7-BA95-42B4-AFFD-D299BE8BE028}
	EndGlobalSection
EndGlobal
